// !$*UTF8*$!
{
	archiveVersion = 1;
	classes = {
	};
	objectVersion = 56;
	objects = {

/* Begin PBXBuildFile section */
		976AD4D12AEAFFCD009F0B9B /* TempPokemon.swift in Sources */ = {isa = PBXBuildFile; fileRef = 976AD4D02AEAFFCD009F0B9B /* TempPokemon.swift */; };
		976AD4D32AEB1300009F0B9B /* FetchController.swift in Sources */ = {isa = PBXBuildFile; fileRef = 976AD4D22AEB1300009F0B9B /* FetchController.swift */; };
		976AD4D52AEB1AB7009F0B9B /* PokemonViewModel.swift in Sources */ = {isa = PBXBuildFile; fileRef = 976AD4D42AEB1AB7009F0B9B /* PokemonViewModel.swift */; };
		976AD4D72AEB84BC009F0B9B /* PokemonDetail.swift in Sources */ = {isa = PBXBuildFile; fileRef = 976AD4D62AEB84BC009F0B9B /* PokemonDetail.swift */; };
		976AD4D92AEB86BD009F0B9B /* SamplePokemon.swift in Sources */ = {isa = PBXBuildFile; fileRef = 976AD4D82AEB86BD009F0B9B /* SamplePokemon.swift */; };
		978D95C02AEAB5C1007857E6 /* PokemonsAppApp.swift in Sources */ = {isa = PBXBuildFile; fileRef = 978D95BF2AEAB5C1007857E6 /* PokemonsAppApp.swift */; };
		978D95C22AEAB5C1007857E6 /* ContentView.swift in Sources */ = {isa = PBXBuildFile; fileRef = 978D95C12AEAB5C1007857E6 /* ContentView.swift */; };
		978D95C42AEAB5C2007857E6 /* Assets.xcassets in Resources */ = {isa = PBXBuildFile; fileRef = 978D95C32AEAB5C2007857E6 /* Assets.xcassets */; };
		978D95C72AEAB5C2007857E6 /* Preview Assets.xcassets in Resources */ = {isa = PBXBuildFile; fileRef = 978D95C62AEAB5C2007857E6 /* Preview Assets.xcassets */; };
		978D95C92AEAB5C2007857E6 /* Persistence.swift in Sources */ = {isa = PBXBuildFile; fileRef = 978D95C82AEAB5C2007857E6 /* Persistence.swift */; };
		978D95CC2AEAB5C2007857E6 /* PokemonsApp.xcdatamodeld in Sources */ = {isa = PBXBuildFile; fileRef = 978D95CA2AEAB5C2007857E6 /* PokemonsApp.xcdatamodeld */; };
		97C7EC192AED685200D39F78 /* Pokemon+Ext.swift in Sources */ = {isa = PBXBuildFile; fileRef = 97C7EC182AED685200D39F78 /* Pokemon+Ext.swift */; };
		97C7EC1E2AED6F7F00D39F78 /* Stats.swift in Sources */ = {isa = PBXBuildFile; fileRef = 97C7EC1D2AED6F7F00D39F78 /* Stats.swift */; };
		97C7EC202AEDAF2C00D39F78 /* FetchedImage.swift in Sources */ = {isa = PBXBuildFile; fileRef = 97C7EC1F2AEDAF2C00D39F78 /* FetchedImage.swift */; };
		97C7EC222AEDB1D700D39F78 /* WidgetPokemon.swift in Sources */ = {isa = PBXBuildFile; fileRef = 97C7EC212AEDB1D700D39F78 /* WidgetPokemon.swift */; };
		97C7EC2F2AEDBA4900D39F78 /* WidgetKit.framework in Frameworks */ = {isa = PBXBuildFile; fileRef = 97C7EC2E2AEDBA4900D39F78 /* WidgetKit.framework */; };
		97C7EC312AEDBA4900D39F78 /* SwiftUI.framework in Frameworks */ = {isa = PBXBuildFile; fileRef = 97C7EC302AEDBA4900D39F78 /* SwiftUI.framework */; };
		97C7EC342AEDBA4900D39F78 /* PokeWidgetBundle.swift in Sources */ = {isa = PBXBuildFile; fileRef = 97C7EC332AEDBA4900D39F78 /* PokeWidgetBundle.swift */; };
		97C7EC362AEDBA4900D39F78 /* PokeWidgetLiveActivity.swift in Sources */ = {isa = PBXBuildFile; fileRef = 97C7EC352AEDBA4900D39F78 /* PokeWidgetLiveActivity.swift */; };
		97C7EC382AEDBA4900D39F78 /* PokeWidget.swift in Sources */ = {isa = PBXBuildFile; fileRef = 97C7EC372AEDBA4900D39F78 /* PokeWidget.swift */; };
		97C7EC3A2AEDBA4900D39F78 /* AppIntent.swift in Sources */ = {isa = PBXBuildFile; fileRef = 97C7EC392AEDBA4900D39F78 /* AppIntent.swift */; };
		97C7EC3C2AEDBA4B00D39F78 /* Assets.xcassets in Resources */ = {isa = PBXBuildFile; fileRef = 97C7EC3B2AEDBA4B00D39F78 /* Assets.xcassets */; };
		97C7EC402AEDBA4B00D39F78 /* PokeWidgetExtension.appex in Embed Foundation Extensions */ = {isa = PBXBuildFile; fileRef = 97C7EC2C2AEDBA4900D39F78 /* PokeWidgetExtension.appex */; settings = {ATTRIBUTES = (RemoveHeadersOnCopy, ); }; };
		97C7EC452AEDBAC700D39F78 /* Assets.xcassets in Resources */ = {isa = PBXBuildFile; fileRef = 978D95C32AEAB5C2007857E6 /* Assets.xcassets */; };
		97C7EC462AEDBADB00D39F78 /* PokemonsApp.xcdatamodeld in Sources */ = {isa = PBXBuildFile; fileRef = 978D95CA2AEAB5C2007857E6 /* PokemonsApp.xcdatamodeld */; };
		97C7EC472AEDBAEB00D39F78 /* Persistence.swift in Sources */ = {isa = PBXBuildFile; fileRef = 978D95C82AEAB5C2007857E6 /* Persistence.swift */; };
		97C7EC482AEDBAFC00D39F78 /* SamplePokemon.swift in Sources */ = {isa = PBXBuildFile; fileRef = 976AD4D82AEB86BD009F0B9B /* SamplePokemon.swift */; };
		97C7EC492AEDBB0A00D39F78 /* FetchedImage.swift in Sources */ = {isa = PBXBuildFile; fileRef = 97C7EC1F2AEDAF2C00D39F78 /* FetchedImage.swift */; };
		97C7EC4A2AEDBB1000D39F78 /* WidgetPokemon.swift in Sources */ = {isa = PBXBuildFile; fileRef = 97C7EC212AEDB1D700D39F78 /* WidgetPokemon.swift */; };
/* End PBXBuildFile section */

/* Begin PBXContainerItemProxy section */
		97C7EC3E2AEDBA4B00D39F78 /* PBXContainerItemProxy */ = {
			isa = PBXContainerItemProxy;
			containerPortal = 978D95B42AEAB5C1007857E6 /* Project object */;
			proxyType = 1;
			remoteGlobalIDString = 97C7EC2B2AEDBA4900D39F78;
			remoteInfo = PokeWidgetExtension;
		};
/* End PBXContainerItemProxy section */

/* Begin PBXCopyFilesBuildPhase section */
		97C7EC442AEDBA4B00D39F78 /* Embed Foundation Extensions */ = {
			isa = PBXCopyFilesBuildPhase;
			buildActionMask = 2147483647;
			dstPath = "";
			dstSubfolderSpec = 13;
			files = (
				97C7EC402AEDBA4B00D39F78 /* PokeWidgetExtension.appex in Embed Foundation Extensions */,
			);
			name = "Embed Foundation Extensions";
			runOnlyForDeploymentPostprocessing = 0;
		};
/* End PBXCopyFilesBuildPhase section */

/* Begin PBXFileReference section */
		976AD4D02AEAFFCD009F0B9B /* TempPokemon.swift */ = {isa = PBXFileReference; lastKnownFileType = sourcecode.swift; path = TempPokemon.swift; sourceTree = "<group>"; };
		976AD4D22AEB1300009F0B9B /* FetchController.swift */ = {isa = PBXFileReference; lastKnownFileType = sourcecode.swift; path = FetchController.swift; sourceTree = "<group>"; };
		976AD4D42AEB1AB7009F0B9B /* PokemonViewModel.swift */ = {isa = PBXFileReference; lastKnownFileType = sourcecode.swift; path = PokemonViewModel.swift; sourceTree = "<group>"; };
		976AD4D62AEB84BC009F0B9B /* PokemonDetail.swift */ = {isa = PBXFileReference; lastKnownFileType = sourcecode.swift; path = PokemonDetail.swift; sourceTree = "<group>"; };
		976AD4D82AEB86BD009F0B9B /* SamplePokemon.swift */ = {isa = PBXFileReference; lastKnownFileType = sourcecode.swift; path = SamplePokemon.swift; sourceTree = "<group>"; };
		978D95BC2AEAB5C1007857E6 /* PokemonsApp.app */ = {isa = PBXFileReference; explicitFileType = wrapper.application; includeInIndex = 0; path = PokemonsApp.app; sourceTree = BUILT_PRODUCTS_DIR; };
		978D95BF2AEAB5C1007857E6 /* PokemonsAppApp.swift */ = {isa = PBXFileReference; lastKnownFileType = sourcecode.swift; path = PokemonsAppApp.swift; sourceTree = "<group>"; };
		978D95C12AEAB5C1007857E6 /* ContentView.swift */ = {isa = PBXFileReference; lastKnownFileType = sourcecode.swift; path = ContentView.swift; sourceTree = "<group>"; };
		978D95C32AEAB5C2007857E6 /* Assets.xcassets */ = {isa = PBXFileReference; lastKnownFileType = folder.assetcatalog; path = Assets.xcassets; sourceTree = "<group>"; };
		978D95C62AEAB5C2007857E6 /* Preview Assets.xcassets */ = {isa = PBXFileReference; lastKnownFileType = folder.assetcatalog; path = "Preview Assets.xcassets"; sourceTree = "<group>"; };
		978D95C82AEAB5C2007857E6 /* Persistence.swift */ = {isa = PBXFileReference; lastKnownFileType = sourcecode.swift; path = Persistence.swift; sourceTree = "<group>"; };
		978D95CB2AEAB5C2007857E6 /* PokemonsApp.xcdatamodel */ = {isa = PBXFileReference; lastKnownFileType = wrapper.xcdatamodel; path = PokemonsApp.xcdatamodel; sourceTree = "<group>"; };
		97C7EC182AED685200D39F78 /* Pokemon+Ext.swift */ = {isa = PBXFileReference; lastKnownFileType = sourcecode.swift; path = "Pokemon+Ext.swift"; sourceTree = "<group>"; };
		97C7EC1D2AED6F7F00D39F78 /* Stats.swift */ = {isa = PBXFileReference; lastKnownFileType = sourcecode.swift; path = Stats.swift; sourceTree = "<group>"; };
		97C7EC1F2AEDAF2C00D39F78 /* FetchedImage.swift */ = {isa = PBXFileReference; lastKnownFileType = sourcecode.swift; path = FetchedImage.swift; sourceTree = "<group>"; };
		97C7EC212AEDB1D700D39F78 /* WidgetPokemon.swift */ = {isa = PBXFileReference; lastKnownFileType = sourcecode.swift; path = WidgetPokemon.swift; sourceTree = "<group>"; };
		97C7EC2C2AEDBA4900D39F78 /* PokeWidgetExtension.appex */ = {isa = PBXFileReference; explicitFileType = "wrapper.app-extension"; includeInIndex = 0; path = PokeWidgetExtension.appex; sourceTree = BUILT_PRODUCTS_DIR; };
		97C7EC2E2AEDBA4900D39F78 /* WidgetKit.framework */ = {isa = PBXFileReference; lastKnownFileType = wrapper.framework; name = WidgetKit.framework; path = System/Library/Frameworks/WidgetKit.framework; sourceTree = SDKROOT; };
		97C7EC302AEDBA4900D39F78 /* SwiftUI.framework */ = {isa = PBXFileReference; lastKnownFileType = wrapper.framework; name = SwiftUI.framework; path = System/Library/Frameworks/SwiftUI.framework; sourceTree = SDKROOT; };
		97C7EC332AEDBA4900D39F78 /* PokeWidgetBundle.swift */ = {isa = PBXFileReference; lastKnownFileType = sourcecode.swift; path = PokeWidgetBundle.swift; sourceTree = "<group>"; };
		97C7EC352AEDBA4900D39F78 /* PokeWidgetLiveActivity.swift */ = {isa = PBXFileReference; lastKnownFileType = sourcecode.swift; path = PokeWidgetLiveActivity.swift; sourceTree = "<group>"; };
		97C7EC372AEDBA4900D39F78 /* PokeWidget.swift */ = {isa = PBXFileReference; lastKnownFileType = sourcecode.swift; path = PokeWidget.swift; sourceTree = "<group>"; };
		97C7EC392AEDBA4900D39F78 /* AppIntent.swift */ = {isa = PBXFileReference; lastKnownFileType = sourcecode.swift; path = AppIntent.swift; sourceTree = "<group>"; };
		97C7EC3B2AEDBA4B00D39F78 /* Assets.xcassets */ = {isa = PBXFileReference; lastKnownFileType = folder.assetcatalog; path = Assets.xcassets; sourceTree = "<group>"; };
		97C7EC3D2AEDBA4B00D39F78 /* Info.plist */ = {isa = PBXFileReference; lastKnownFileType = text.plist.xml; path = Info.plist; sourceTree = "<group>"; };
		97C7EC4B2AEFB43200D39F78 /* PokemonsApp.entitlements */ = {isa = PBXFileReference; lastKnownFileType = text.plist.entitlements; path = PokemonsApp.entitlements; sourceTree = "<group>"; };
		97C7EC4C2AEFB4C400D39F78 /* PokeWidgetExtension.entitlements */ = {isa = PBXFileReference; lastKnownFileType = text.plist.entitlements; path = PokeWidgetExtension.entitlements; sourceTree = "<group>"; };
/* End PBXFileReference section */

/* Begin PBXFrameworksBuildPhase section */
		978D95B92AEAB5C1007857E6 /* Frameworks */ = {
			isa = PBXFrameworksBuildPhase;
			buildActionMask = 2147483647;
			files = (
			);
			runOnlyForDeploymentPostprocessing = 0;
		};
		97C7EC292AEDBA4900D39F78 /* Frameworks */ = {
			isa = PBXFrameworksBuildPhase;
			buildActionMask = 2147483647;
			files = (
				97C7EC312AEDBA4900D39F78 /* SwiftUI.framework in Frameworks */,
				97C7EC2F2AEDBA4900D39F78 /* WidgetKit.framework in Frameworks */,
			);
			runOnlyForDeploymentPostprocessing = 0;
		};
/* End PBXFrameworksBuildPhase section */

/* Begin PBXGroup section */
		978D95B32AEAB5C1007857E6 = {
			isa = PBXGroup;
			children = (
				978D95BE2AEAB5C1007857E6 /* PokemonsApp */,
				97C7EC322AEDBA4900D39F78 /* PokeWidget */,
				97C7EC2D2AEDBA4900D39F78 /* Frameworks */,
				978D95BD2AEAB5C1007857E6 /* Products */,
			);
			sourceTree = "<group>";
		};
		978D95BD2AEAB5C1007857E6 /* Products */ = {
			isa = PBXGroup;
			children = (
				978D95BC2AEAB5C1007857E6 /* PokemonsApp.app */,
				97C7EC2C2AEDBA4900D39F78 /* PokeWidgetExtension.appex */,
			);
			name = Products;
			sourceTree = "<group>";
		};
		978D95BE2AEAB5C1007857E6 /* PokemonsApp */ = {
			isa = PBXGroup;
			children = (
				97C7EC4B2AEFB43200D39F78 /* PokemonsApp.entitlements */,
				978D95BF2AEAB5C1007857E6 /* PokemonsAppApp.swift */,
				97C7EC262AEDB28300D39F78 /* Views */,
				97C7EC242AEDB20100D39F78 /* ViewModel */,
				97C7EC232AEDB1F300D39F78 /* Model */,
				97C7EC252AEDB22300D39F78 /* utils */,
				978D95C32AEAB5C2007857E6 /* Assets.xcassets */,
				978D95CA2AEAB5C2007857E6 /* PokemonsApp.xcdatamodeld */,
				978D95C52AEAB5C2007857E6 /* Preview Content */,
			);
			path = PokemonsApp;
			sourceTree = "<group>";
		};
		978D95C52AEAB5C2007857E6 /* Preview Content */ = {
			isa = PBXGroup;
			children = (
				978D95C62AEAB5C2007857E6 /* Preview Assets.xcassets */,
			);
			path = "Preview Content";
			sourceTree = "<group>";
		};
		97C7EC232AEDB1F300D39F78 /* Model */ = {
			isa = PBXGroup;
			children = (
				97C7EC182AED685200D39F78 /* Pokemon+Ext.swift */,
				976AD4D02AEAFFCD009F0B9B /* TempPokemon.swift */,
			);
			path = Model;
			sourceTree = "<group>";
		};
		97C7EC242AEDB20100D39F78 /* ViewModel */ = {
			isa = PBXGroup;
			children = (
				976AD4D42AEB1AB7009F0B9B /* PokemonViewModel.swift */,
			);
			path = ViewModel;
			sourceTree = "<group>";
		};
		97C7EC252AEDB22300D39F78 /* utils */ = {
			isa = PBXGroup;
			children = (
				976AD4D82AEB86BD009F0B9B /* SamplePokemon.swift */,
				978D95C82AEAB5C2007857E6 /* Persistence.swift */,
				976AD4D22AEB1300009F0B9B /* FetchController.swift */,
			);
			path = utils;
			sourceTree = "<group>";
		};
		97C7EC262AEDB28300D39F78 /* Views */ = {
			isa = PBXGroup;
			children = (
				978D95C12AEAB5C1007857E6 /* ContentView.swift */,
				97C7EC272AEDB2CB00D39F78 /* SecondaryViews */,
				976AD4D62AEB84BC009F0B9B /* PokemonDetail.swift */,
			);
			path = Views;
			sourceTree = "<group>";
		};
		97C7EC272AEDB2CB00D39F78 /* SecondaryViews */ = {
			isa = PBXGroup;
			children = (
				97C7EC212AEDB1D700D39F78 /* WidgetPokemon.swift */,
				97C7EC1F2AEDAF2C00D39F78 /* FetchedImage.swift */,
				97C7EC1D2AED6F7F00D39F78 /* Stats.swift */,
			);
			path = SecondaryViews;
			sourceTree = "<group>";
		};
		97C7EC2D2AEDBA4900D39F78 /* Frameworks */ = {
			isa = PBXGroup;
			children = (
				97C7EC2E2AEDBA4900D39F78 /* WidgetKit.framework */,
				97C7EC302AEDBA4900D39F78 /* SwiftUI.framework */,
			);
			name = Frameworks;
			sourceTree = "<group>";
		};
		97C7EC322AEDBA4900D39F78 /* PokeWidget */ = {
			isa = PBXGroup;
			children = (
				97C7EC4C2AEFB4C400D39F78 /* PokeWidgetExtension.entitlements */,
				97C7EC332AEDBA4900D39F78 /* PokeWidgetBundle.swift */,
				97C7EC352AEDBA4900D39F78 /* PokeWidgetLiveActivity.swift */,
				97C7EC372AEDBA4900D39F78 /* PokeWidget.swift */,
				97C7EC392AEDBA4900D39F78 /* AppIntent.swift */,
				97C7EC3B2AEDBA4B00D39F78 /* Assets.xcassets */,
				97C7EC3D2AEDBA4B00D39F78 /* Info.plist */,
			);
			path = PokeWidget;
			sourceTree = "<group>";
		};
/* End PBXGroup section */

/* Begin PBXNativeTarget section */
		978D95BB2AEAB5C1007857E6 /* PokemonsApp */ = {
			isa = PBXNativeTarget;
			buildConfigurationList = 978D95CF2AEAB5C2007857E6 /* Build configuration list for PBXNativeTarget "PokemonsApp" */;
			buildPhases = (
				978D95B82AEAB5C1007857E6 /* Sources */,
				978D95B92AEAB5C1007857E6 /* Frameworks */,
				978D95BA2AEAB5C1007857E6 /* Resources */,
				97C7EC442AEDBA4B00D39F78 /* Embed Foundation Extensions */,
			);
			buildRules = (
			);
			dependencies = (
				97C7EC3F2AEDBA4B00D39F78 /* PBXTargetDependency */,
			);
			name = PokemonsApp;
			productName = PokemonsApp;
			productReference = 978D95BC2AEAB5C1007857E6 /* PokemonsApp.app */;
			productType = "com.apple.product-type.application";
		};
		97C7EC2B2AEDBA4900D39F78 /* PokeWidgetExtension */ = {
			isa = PBXNativeTarget;
			buildConfigurationList = 97C7EC412AEDBA4B00D39F78 /* Build configuration list for PBXNativeTarget "PokeWidgetExtension" */;
			buildPhases = (
				97C7EC282AEDBA4900D39F78 /* Sources */,
				97C7EC292AEDBA4900D39F78 /* Frameworks */,
				97C7EC2A2AEDBA4900D39F78 /* Resources */,
			);
			buildRules = (
			);
			dependencies = (
			);
			name = PokeWidgetExtension;
			productName = PokeWidgetExtension;
			productReference = 97C7EC2C2AEDBA4900D39F78 /* PokeWidgetExtension.appex */;
			productType = "com.apple.product-type.app-extension";
		};
/* End PBXNativeTarget section */

/* Begin PBXProject section */
		978D95B42AEAB5C1007857E6 /* Project object */ = {
			isa = PBXProject;
			attributes = {
				BuildIndependentTargetsInParallel = 1;
				LastSwiftUpdateCheck = 1500;
				LastUpgradeCheck = 1500;
				TargetAttributes = {
					978D95BB2AEAB5C1007857E6 = {
						CreatedOnToolsVersion = 15.0.1;
					};
					97C7EC2B2AEDBA4900D39F78 = {
						CreatedOnToolsVersion = 15.0.1;
					};
				};
			};
			buildConfigurationList = 978D95B72AEAB5C1007857E6 /* Build configuration list for PBXProject "PokemonsApp" */;
			compatibilityVersion = "Xcode 14.0";
			developmentRegion = en;
			hasScannedForEncodings = 0;
			knownRegions = (
				en,
				Base,
			);
			mainGroup = 978D95B32AEAB5C1007857E6;
			productRefGroup = 978D95BD2AEAB5C1007857E6 /* Products */;
			projectDirPath = "";
			projectRoot = "";
			targets = (
				978D95BB2AEAB5C1007857E6 /* PokemonsApp */,
				97C7EC2B2AEDBA4900D39F78 /* PokeWidgetExtension */,
			);
		};
/* End PBXProject section */

/* Begin PBXResourcesBuildPhase section */
		978D95BA2AEAB5C1007857E6 /* Resources */ = {
			isa = PBXResourcesBuildPhase;
			buildActionMask = 2147483647;
			files = (
				978D95C72AEAB5C2007857E6 /* Preview Assets.xcassets in Resources */,
				978D95C42AEAB5C2007857E6 /* Assets.xcassets in Resources */,
			);
			runOnlyForDeploymentPostprocessing = 0;
		};
		97C7EC2A2AEDBA4900D39F78 /* Resources */ = {
			isa = PBXResourcesBuildPhase;
			buildActionMask = 2147483647;
			files = (
				97C7EC452AEDBAC700D39F78 /* Assets.xcassets in Resources */,
				97C7EC3C2AEDBA4B00D39F78 /* Assets.xcassets in Resources */,
			);
			runOnlyForDeploymentPostprocessing = 0;
		};
/* End PBXResourcesBuildPhase section */

/* Begin PBXSourcesBuildPhase section */
		978D95B82AEAB5C1007857E6 /* Sources */ = {
			isa = PBXSourcesBuildPhase;
			buildActionMask = 2147483647;
			files = (
				978D95C92AEAB5C2007857E6 /* Persistence.swift in Sources */,
				97C7EC1E2AED6F7F00D39F78 /* Stats.swift in Sources */,
				976AD4D72AEB84BC009F0B9B /* PokemonDetail.swift in Sources */,
				978D95CC2AEAB5C2007857E6 /* PokemonsApp.xcdatamodeld in Sources */,
				97C7EC222AEDB1D700D39F78 /* WidgetPokemon.swift in Sources */,
				97C7EC192AED685200D39F78 /* Pokemon+Ext.swift in Sources */,
				976AD4D32AEB1300009F0B9B /* FetchController.swift in Sources */,
				976AD4D92AEB86BD009F0B9B /* SamplePokemon.swift in Sources */,
				976AD4D52AEB1AB7009F0B9B /* PokemonViewModel.swift in Sources */,
				976AD4D12AEAFFCD009F0B9B /* TempPokemon.swift in Sources */,
				978D95C22AEAB5C1007857E6 /* ContentView.swift in Sources */,
				978D95C02AEAB5C1007857E6 /* PokemonsAppApp.swift in Sources */,
				97C7EC202AEDAF2C00D39F78 /* FetchedImage.swift in Sources */,
			);
			runOnlyForDeploymentPostprocessing = 0;
		};
		97C7EC282AEDBA4900D39F78 /* Sources */ = {
			isa = PBXSourcesBuildPhase;
			buildActionMask = 2147483647;
			files = (
				97C7EC4A2AEDBB1000D39F78 /* WidgetPokemon.swift in Sources */,
				97C7EC342AEDBA4900D39F78 /* PokeWidgetBundle.swift in Sources */,
				97C7EC3A2AEDBA4900D39F78 /* AppIntent.swift in Sources */,
				97C7EC462AEDBADB00D39F78 /* PokemonsApp.xcdatamodeld in Sources */,
				97C7EC492AEDBB0A00D39F78 /* FetchedImage.swift in Sources */,
				97C7EC472AEDBAEB00D39F78 /* Persistence.swift in Sources */,
				97C7EC382AEDBA4900D39F78 /* PokeWidget.swift in Sources */,
				97C7EC482AEDBAFC00D39F78 /* SamplePokemon.swift in Sources */,
				97C7EC362AEDBA4900D39F78 /* PokeWidgetLiveActivity.swift in Sources */,
			);
			runOnlyForDeploymentPostprocessing = 0;
		};
/* End PBXSourcesBuildPhase section */

/* Begin PBXTargetDependency section */
		97C7EC3F2AEDBA4B00D39F78 /* PBXTargetDependency */ = {
			isa = PBXTargetDependency;
			target = 97C7EC2B2AEDBA4900D39F78 /* PokeWidgetExtension */;
			targetProxy = 97C7EC3E2AEDBA4B00D39F78 /* PBXContainerItemProxy */;
		};
/* End PBXTargetDependency section */

/* Begin XCBuildConfiguration section */
		978D95CD2AEAB5C2007857E6 /* Debug */ = {
			isa = XCBuildConfiguration;
			buildSettings = {
				ALWAYS_SEARCH_USER_PATHS = NO;
				ASSETCATALOG_COMPILER_GENERATE_SWIFT_ASSET_SYMBOL_EXTENSIONS = YES;
				CLANG_ANALYZER_NONNULL = YES;
				CLANG_ANALYZER_NUMBER_OBJECT_CONVERSION = YES_AGGRESSIVE;
				CLANG_CXX_LANGUAGE_STANDARD = "gnu++20";
				CLANG_ENABLE_MODULES = YES;
				CLANG_ENABLE_OBJC_ARC = YES;
				CLANG_ENABLE_OBJC_WEAK = YES;
				CLANG_WARN_BLOCK_CAPTURE_AUTORELEASING = YES;
				CLANG_WARN_BOOL_CONVERSION = YES;
				CLANG_WARN_COMMA = YES;
				CLANG_WARN_CONSTANT_CONVERSION = YES;
				CLANG_WARN_DEPRECATED_OBJC_IMPLEMENTATIONS = YES;
				CLANG_WARN_DIRECT_OBJC_ISA_USAGE = YES_ERROR;
				CLANG_WARN_DOCUMENTATION_COMMENTS = YES;
				CLANG_WARN_EMPTY_BODY = YES;
				CLANG_WARN_ENUM_CONVERSION = YES;
				CLANG_WARN_INFINITE_RECURSION = YES;
				CLANG_WARN_INT_CONVERSION = YES;
				CLANG_WARN_NON_LITERAL_NULL_CONVERSION = YES;
				CLANG_WARN_OBJC_IMPLICIT_RETAIN_SELF = YES;
				CLANG_WARN_OBJC_LITERAL_CONVERSION = YES;
				CLANG_WARN_OBJC_ROOT_CLASS = YES_ERROR;
				CLANG_WARN_QUOTED_INCLUDE_IN_FRAMEWORK_HEADER = YES;
				CLANG_WARN_RANGE_LOOP_ANALYSIS = YES;
				CLANG_WARN_STRICT_PROTOTYPES = YES;
				CLANG_WARN_SUSPICIOUS_MOVE = YES;
				CLANG_WARN_UNGUARDED_AVAILABILITY = YES_AGGRESSIVE;
				CLANG_WARN_UNREACHABLE_CODE = YES;
				CLANG_WARN__DUPLICATE_METHOD_MATCH = YES;
				COPY_PHASE_STRIP = NO;
				DEBUG_INFORMATION_FORMAT = dwarf;
				ENABLE_STRICT_OBJC_MSGSEND = YES;
				ENABLE_TESTABILITY = YES;
				ENABLE_USER_SCRIPT_SANDBOXING = YES;
				GCC_C_LANGUAGE_STANDARD = gnu17;
				GCC_DYNAMIC_NO_PIC = NO;
				GCC_NO_COMMON_BLOCKS = YES;
				GCC_OPTIMIZATION_LEVEL = 0;
				GCC_PREPROCESSOR_DEFINITIONS = (
					"DEBUG=1",
					"$(inherited)",
				);
				GCC_WARN_64_TO_32_BIT_CONVERSION = YES;
				GCC_WARN_ABOUT_RETURN_TYPE = YES_ERROR;
				GCC_WARN_UNDECLARED_SELECTOR = YES;
				GCC_WARN_UNINITIALIZED_AUTOS = YES_AGGRESSIVE;
				GCC_WARN_UNUSED_FUNCTION = YES;
				GCC_WARN_UNUSED_VARIABLE = YES;
				IPHONEOS_DEPLOYMENT_TARGET = 17.0;
				LOCALIZATION_PREFERS_STRING_CATALOGS = YES;
				MTL_ENABLE_DEBUG_INFO = INCLUDE_SOURCE;
				MTL_FAST_MATH = YES;
				ONLY_ACTIVE_ARCH = YES;
				SDKROOT = iphoneos;
				SWIFT_ACTIVE_COMPILATION_CONDITIONS = "DEBUG $(inherited)";
				SWIFT_OPTIMIZATION_LEVEL = "-Onone";
			};
			name = Debug;
		};
		978D95CE2AEAB5C2007857E6 /* Release */ = {
			isa = XCBuildConfiguration;
			buildSettings = {
				ALWAYS_SEARCH_USER_PATHS = NO;
				ASSETCATALOG_COMPILER_GENERATE_SWIFT_ASSET_SYMBOL_EXTENSIONS = YES;
				CLANG_ANALYZER_NONNULL = YES;
				CLANG_ANALYZER_NUMBER_OBJECT_CONVERSION = YES_AGGRESSIVE;
				CLANG_CXX_LANGUAGE_STANDARD = "gnu++20";
				CLANG_ENABLE_MODULES = YES;
				CLANG_ENABLE_OBJC_ARC = YES;
				CLANG_ENABLE_OBJC_WEAK = YES;
				CLANG_WARN_BLOCK_CAPTURE_AUTORELEASING = YES;
				CLANG_WARN_BOOL_CONVERSION = YES;
				CLANG_WARN_COMMA = YES;
				CLANG_WARN_CONSTANT_CONVERSION = YES;
				CLANG_WARN_DEPRECATED_OBJC_IMPLEMENTATIONS = YES;
				CLANG_WARN_DIRECT_OBJC_ISA_USAGE = YES_ERROR;
				CLANG_WARN_DOCUMENTATION_COMMENTS = YES;
				CLANG_WARN_EMPTY_BODY = YES;
				CLANG_WARN_ENUM_CONVERSION = YES;
				CLANG_WARN_INFINITE_RECURSION = YES;
				CLANG_WARN_INT_CONVERSION = YES;
				CLANG_WARN_NON_LITERAL_NULL_CONVERSION = YES;
				CLANG_WARN_OBJC_IMPLICIT_RETAIN_SELF = YES;
				CLANG_WARN_OBJC_LITERAL_CONVERSION = YES;
				CLANG_WARN_OBJC_ROOT_CLASS = YES_ERROR;
				CLANG_WARN_QUOTED_INCLUDE_IN_FRAMEWORK_HEADER = YES;
				CLANG_WARN_RANGE_LOOP_ANALYSIS = YES;
				CLANG_WARN_STRICT_PROTOTYPES = YES;
				CLANG_WARN_SUSPICIOUS_MOVE = YES;
				CLANG_WARN_UNGUARDED_AVAILABILITY = YES_AGGRESSIVE;
				CLANG_WARN_UNREACHABLE_CODE = YES;
				CLANG_WARN__DUPLICATE_METHOD_MATCH = YES;
				COPY_PHASE_STRIP = NO;
				DEBUG_INFORMATION_FORMAT = "dwarf-with-dsym";
				ENABLE_NS_ASSERTIONS = NO;
				ENABLE_STRICT_OBJC_MSGSEND = YES;
				ENABLE_USER_SCRIPT_SANDBOXING = YES;
				GCC_C_LANGUAGE_STANDARD = gnu17;
				GCC_NO_COMMON_BLOCKS = YES;
				GCC_WARN_64_TO_32_BIT_CONVERSION = YES;
				GCC_WARN_ABOUT_RETURN_TYPE = YES_ERROR;
				GCC_WARN_UNDECLARED_SELECTOR = YES;
				GCC_WARN_UNINITIALIZED_AUTOS = YES_AGGRESSIVE;
				GCC_WARN_UNUSED_FUNCTION = YES;
				GCC_WARN_UNUSED_VARIABLE = YES;
				IPHONEOS_DEPLOYMENT_TARGET = 17.0;
				LOCALIZATION_PREFERS_STRING_CATALOGS = YES;
				MTL_ENABLE_DEBUG_INFO = NO;
				MTL_FAST_MATH = YES;
				SDKROOT = iphoneos;
				SWIFT_COMPILATION_MODE = wholemodule;
				VALIDATE_PRODUCT = YES;
			};
			name = Release;
		};
		978D95D02AEAB5C2007857E6 /* Debug */ = {
			isa = XCBuildConfiguration;
			buildSettings = {
				ALWAYS_EMBED_SWIFT_STANDARD_LIBRARIES = YES;
				ASSETCATALOG_COMPILER_APPICON_NAME = AppIcon;
				ASSETCATALOG_COMPILER_GLOBAL_ACCENT_COLOR_NAME = AccentColor;
				CODE_SIGN_ENTITLEMENTS = PokemonsApp/PokemonsApp.entitlements;
				CODE_SIGN_STYLE = Automatic;
				CURRENT_PROJECT_VERSION = 1;
				DEVELOPMENT_ASSET_PATHS = "\"PokemonsApp/Preview Content\"";
				DEVELOPMENT_TEAM = CTTMXX3X92;
				ENABLE_PREVIEWS = YES;
				GENERATE_INFOPLIST_FILE = YES;
				INFOPLIST_KEY_UIApplicationSceneManifest_Generation = YES;
				INFOPLIST_KEY_UIApplicationSupportsIndirectInputEvents = YES;
				INFOPLIST_KEY_UILaunchScreen_Generation = YES;
				INFOPLIST_KEY_UISupportedInterfaceOrientations_iPad = "UIInterfaceOrientationPortrait UIInterfaceOrientationPortraitUpsideDown UIInterfaceOrientationLandscapeLeft UIInterfaceOrientationLandscapeRight";
				INFOPLIST_KEY_UISupportedInterfaceOrientations_iPhone = "UIInterfaceOrientationPortrait UIInterfaceOrientationLandscapeLeft UIInterfaceOrientationLandscapeRight";
				LD_RUNPATH_SEARCH_PATHS = (
					"$(inherited)",
					"@executable_path/Frameworks",
				);
				MARKETING_VERSION = 1.0;
				PRODUCT_BUNDLE_IDENTIFIER = com.personal.mirel.PokemonsApp;
				PRODUCT_NAME = "$(TARGET_NAME)";
				SWIFT_EMIT_LOC_STRINGS = YES;
				SWIFT_VERSION = 5.0;
				TARGETED_DEVICE_FAMILY = "1,2";
			};
			name = Debug;
		};
		978D95D12AEAB5C2007857E6 /* Release */ = {
			isa = XCBuildConfiguration;
			buildSettings = {
				ALWAYS_EMBED_SWIFT_STANDARD_LIBRARIES = YES;
				ASSETCATALOG_COMPILER_APPICON_NAME = AppIcon;
				ASSETCATALOG_COMPILER_GLOBAL_ACCENT_COLOR_NAME = AccentColor;
				CODE_SIGN_ENTITLEMENTS = PokemonsApp/PokemonsApp.entitlements;
				CODE_SIGN_STYLE = Automatic;
				CURRENT_PROJECT_VERSION = 1;
				DEVELOPMENT_ASSET_PATHS = "\"PokemonsApp/Preview Content\"";
				DEVELOPMENT_TEAM = CTTMXX3X92;
				ENABLE_PREVIEWS = YES;
				GENERATE_INFOPLIST_FILE = YES;
				INFOPLIST_KEY_UIApplicationSceneManifest_Generation = YES;
				INFOPLIST_KEY_UIApplicationSupportsIndirectInputEvents = YES;
				INFOPLIST_KEY_UILaunchScreen_Generation = YES;
				INFOPLIST_KEY_UISupportedInterfaceOrientations_iPad = "UIInterfaceOrientationPortrait UIInterfaceOrientationPortraitUpsideDown UIInterfaceOrientationLandscapeLeft UIInterfaceOrientationLandscapeRight";
				INFOPLIST_KEY_UISupportedInterfaceOrientations_iPhone = "UIInterfaceOrientationPortrait UIInterfaceOrientationLandscapeLeft UIInterfaceOrientationLandscapeRight";
				LD_RUNPATH_SEARCH_PATHS = (
					"$(inherited)",
					"@executable_path/Frameworks",
				);
				MARKETING_VERSION = 1.0;
				PRODUCT_BUNDLE_IDENTIFIER = com.personal.mirel.PokemonsApp;
				PRODUCT_NAME = "$(TARGET_NAME)";
				SWIFT_EMIT_LOC_STRINGS = YES;
				SWIFT_VERSION = 5.0;
				TARGETED_DEVICE_FAMILY = "1,2";
			};
			name = Release;
		};
		97C7EC422AEDBA4B00D39F78 /* Debug */ = {
			isa = XCBuildConfiguration;
			buildSettings = {
				ASSETCATALOG_COMPILER_GLOBAL_ACCENT_COLOR_NAME = AccentColor;
				ASSETCATALOG_COMPILER_WIDGET_BACKGROUND_COLOR_NAME = WidgetBackground;
				CODE_SIGN_ENTITLEMENTS = PokeWidget/PokeWidgetExtension.entitlements;
				CODE_SIGN_STYLE = Automatic;
				CURRENT_PROJECT_VERSION = 1;
				DEVELOPMENT_TEAM = CTTMXX3X92;
				GENERATE_INFOPLIST_FILE = YES;
				INFOPLIST_FILE = PokeWidget/Info.plist;
				INFOPLIST_KEY_CFBundleDisplayName = PokeWidget;
				INFOPLIST_KEY_NSHumanReadableCopyright = "";
				LD_RUNPATH_SEARCH_PATHS = (
					"$(inherited)",
					"@executable_path/Frameworks",
					"@executable_path/../../Frameworks",
				);
				MARKETING_VERSION = 1.0;
				PRODUCT_BUNDLE_IDENTIFIER = com.personal.mirel.PokemonsApp.PokeWidget;
				PRODUCT_NAME = "$(TARGET_NAME)";
				SKIP_INSTALL = YES;
				SWIFT_EMIT_LOC_STRINGS = YES;
				SWIFT_VERSION = 5.0;
				TARGETED_DEVICE_FAMILY = "1,2";
			};
			name = Debug;
		};
		97C7EC432AEDBA4B00D39F78 /* Release */ = {
			isa = XCBuildConfiguration;
			buildSettings = {
				ASSETCATALOG_COMPILER_GLOBAL_ACCENT_COLOR_NAME = AccentColor;
				ASSETCATALOG_COMPILER_WIDGET_BACKGROUND_COLOR_NAME = WidgetBackground;
				CODE_SIGN_ENTITLEMENTS = PokeWidget/PokeWidgetExtension.entitlements;
				CODE_SIGN_STYLE = Automatic;
				CURRENT_PROJECT_VERSION = 1;
				DEVELOPMENT_TEAM = CTTMXX3X92;
				GENERATE_INFOPLIST_FILE = YES;
				INFOPLIST_FILE = PokeWidget/Info.plist;
				INFOPLIST_KEY_CFBundleDisplayName = PokeWidget;
				INFOPLIST_KEY_NSHumanReadableCopyright = "";
				LD_RUNPATH_SEARCH_PATHS = (
					"$(inherited)",
					"@executable_path/Frameworks",
					"@executable_path/../../Frameworks",
				);
				MARKETING_VERSION = 1.0;
				PRODUCT_BUNDLE_IDENTIFIER = com.personal.mirel.PokemonsApp.PokeWidget;
				PRODUCT_NAME = "$(TARGET_NAME)";
				SKIP_INSTALL = YES;
				SWIFT_EMIT_LOC_STRINGS = YES;
				SWIFT_VERSION = 5.0;
				TARGETED_DEVICE_FAMILY = "1,2";
			};
			name = Release;
		};
/* End XCBuildConfiguration section */

/* Begin XCConfigurationList section */
		978D95B72AEAB5C1007857E6 /* Build configuration list for PBXProject "PokemonsApp" */ = {
			isa = XCConfigurationList;
			buildConfigurations = (
				978D95CD2AEAB5C2007857E6 /* Debug */,
				978D95CE2AEAB5C2007857E6 /* Release */,
			);
			defaultConfigurationIsVisible = 0;
			defaultConfigurationName = Release;
		};
		978D95CF2AEAB5C2007857E6 /* Build configuration list for PBXNativeTarget "PokemonsApp" */ = {
			isa = XCConfigurationList;
			buildConfigurations = (
				978D95D02AEAB5C2007857E6 /* Debug */,
				978D95D12AEAB5C2007857E6 /* Release */,
			);
			defaultConfigurationIsVisible = 0;
			defaultConfigurationName = Release;
		};
		97C7EC412AEDBA4B00D39F78 /* Build configuration list for PBXNativeTarget "PokeWidgetExtension" */ = {
			isa = XCConfigurationList;
			buildConfigurations = (
				97C7EC422AEDBA4B00D39F78 /* Debug */,
				97C7EC432AEDBA4B00D39F78 /* Release */,
			);
			defaultConfigurationIsVisible = 0;
			defaultConfigurationName = Release;
		};
/* End XCConfigurationList section */

/* Begin XCVersionGroup section */
		978D95CA2AEAB5C2007857E6 /* PokemonsApp.xcdatamodeld */ = {
			isa = XCVersionGroup;
			children = (
				978D95CB2AEAB5C2007857E6 /* PokemonsApp.xcdatamodel */,
			);
			currentVersion = 978D95CB2AEAB5C2007857E6 /* PokemonsApp.xcdatamodel */;
			path = PokemonsApp.xcdatamodeld;
			sourceTree = "<group>";
			versionGroupType = wrapper.xcdatamodel;
		};
/* End XCVersionGroup section */
	};
	rootObject = 978D95B42AEAB5C1007857E6 /* Project object */;
}
